
Microsoft Visual Studio Solution File, Format Version 12.00
# Visual Studio Version 17
VisualStudioVersion = 17.5.002.0
MinimumVisualStudioVersion = 10.0.40219.1
Project("{9A19103F-16F7-4668-BE54-9A1E7A4F7556}") = "aliyun_ddns", "aliyun_ddns.csproj", "{8121EB3B-090B-4DF2-AA1E-D7428E5D4665}"
EndProject
Global
	GlobalSection(SolutionConfigurationPlatforms) = preSolution
		Debug|Any CPU = Debug|Any CPU
		Release|Any CPU = Release|Any CPU
	EndGlobalSection
	GlobalSection(ProjectConfigurationPlatforms) = postSolution
		{8121EB3B-090B-4DF2-AA1E-D7428E5D4665}.Debug|Any CPU.ActiveCfg = Debug|Any CPU
		{8121EB3B-090B-4DF2-AA1E-D7428E5D4665}.Debug|Any CPU.Build.0 = Debug|Any CPU
		{8121EB3B-090B-4DF2-AA1E-D7428E5D4665}.Release|Any CPU.ActiveCfg = Release|Any CPU
		{8121EB3B-090B-4DF2-AA1E-D7428E5D4665}.Release|Any CPU.Build.0 = Release|Any CPU
	EndGlobalSection
	GlobalSection(SolutionProperties) = preSolution
		HideSolutionNode = FALSE
	EndGlobalSection
	GlobalSection(ExtensibilityGlobals) = postSolution
		SolutionGuid = {7FF415A5-49CE-44F2-9055-CECC75BEAA7B}
	EndGlobalSection
EndGlobal
